
Microsoft Visual Studio Solution File, Format Version 12.00
# Visual Studio 15
VisualStudioVersion = 15.0.28307.705
MinimumVisualStudioVersion = 10.0.40219.1
Project("{FAE04EC0-301F-11D3-BF4B-00C04F79EFBC}") = "IuIuIu", "ConsoleApp1\IuIuIu.csproj", "{5C0926D2-95D0-4B7F-BB43-F60D80C51834}"
EndProject
Global
	GlobalSection(SolutionConfigurationPlatforms) = preSolution
		Debug|Any CPU = Debug|Any CPU
		Release|Any CPU = Release|Any CPU
	EndGlobalSection
	GlobalSection(ProjectConfigurationPlatforms) = postSolution
		{5C0926D2-95D0-4B7F-BB43-F60D80C51834}.Debug|Any CPU.ActiveCfg = Debug|Any CPU
		{5C0926D2-95D0-4B7F-BB43-F60D80C51834}.Debug|Any CPU.Build.0 = Debug|Any CPU
		{5C0926D2-95D0-4B7F-BB43-F60D80C51834}.Release|Any CPU.ActiveCfg = Release|Any CPU
		{5C0926D2-95D0-4B7F-BB43-F60D80C51834}.Release|Any CPU.Build.0 = Release|Any CPU
	EndGlobalSection
	GlobalSection(SolutionProperties) = preSolution
		HideSolutionNode = FALSE
	EndGlobalSection
	GlobalSection(ExtensibilityGlobals) = postSolution
		SolutionGuid = {24E5D920-9B2B-4480-B347-E763C6162F2F}
	EndGlobalSection
EndGlobal
